// !$*UTF8*$!
{
	archiveVersion = 1;
	classes = {
	};
	objectVersion = 46;
	objects = {

/* Begin PBXBuildFile section */
		6D1A50781E6C3A6F00AA55FB /* MainController.swift in Sources */ = {isa = PBXBuildFile; fileRef = 6D1A50771E6C3A6F00AA55FB /* MainController.swift */; };
		6D1A507A1E6C406C00AA55FB /* Vocabulary.swift in Sources */ = {isa = PBXBuildFile; fileRef = 6D1A50791E6C406C00AA55FB /* Vocabulary.swift */; };
		6D1A507C1E6C426600AA55FB /* SpeechService.swift in Sources */ = {isa = PBXBuildFile; fileRef = 6D1A507B1E6C426600AA55FB /* SpeechService.swift */; };
		6D1A50811E6C43E500AA55FB /* ProcessingEngineUTest.swift in Sources */ = {isa = PBXBuildFile; fileRef = 6D1A50801E6C43E500AA55FB /* ProcessingEngineUTest.swift */; };
		6D1A50911E6C490600AA55FB /* SpeechSynthesizer.swift in Sources */ = {isa = PBXBuildFile; fileRef = 6D1A50901E6C490600AA55FB /* SpeechSynthesizer.swift */; };
		6D1A50941E6C842000AA55FB /* AVFoundation.framework in Frameworks */ = {isa = PBXBuildFile; fileRef = 6D1A50931E6C842000AA55FB /* AVFoundation.framework */; };
		6D7AA08A1E47649E0050F200 /* AppDelegate.swift in Sources */ = {isa = PBXBuildFile; fileRef = 6D7AA0891E47649E0050F200 /* AppDelegate.swift */; };
		6D7AA08C1E47649E0050F200 /* MainView.swift in Sources */ = {isa = PBXBuildFile; fileRef = 6D7AA08B1E47649E0050F200 /* MainView.swift */; };
		6D7AA08F1E47649E0050F200 /* Main.storyboard in Resources */ = {isa = PBXBuildFile; fileRef = 6D7AA08D1E47649E0050F200 /* Main.storyboard */; };
		6D7AA0911E47649E0050F200 /* Assets.xcassets in Resources */ = {isa = PBXBuildFile; fileRef = 6D7AA0901E47649E0050F200 /* Assets.xcassets */; };
		6D7AA0941E47649E0050F200 /* LaunchScreen.storyboard in Resources */ = {isa = PBXBuildFile; fileRef = 6D7AA0921E47649E0050F200 /* LaunchScreen.storyboard */; };
		6DF970321E7591F10050F0B9 /* NLEngine.swift in Sources */ = {isa = PBXBuildFile; fileRef = 6DF970311E7591F10050F0B9 /* NLEngine.swift */; };
		6DF970341E75954E0050F0B9 /* Context.swift in Sources */ = {isa = PBXBuildFile; fileRef = 6DF970331E75954E0050F0B9 /* Context.swift */; };
		6DF970361E759A1A0050F0B9 /* Emotion.swift in Sources */ = {isa = PBXBuildFile; fileRef = 6DF970351E759A1A0050F0B9 /* Emotion.swift */; };
/* End PBXBuildFile section */

/* Begin PBXContainerItemProxy section */
		6D7AA09B1E47649E0050F200 /* PBXContainerItemProxy */ = {
			isa = PBXContainerItemProxy;
			containerPortal = 6D7AA07E1E47649E0050F200 /* Project object */;
			proxyType = 1;
			remoteGlobalIDString = 6D7AA0851E47649E0050F200;
			remoteInfo = elokat;
		};
/* End PBXContainerItemProxy section */

/* Begin PBXFileReference section */
		6D1A50771E6C3A6F00AA55FB /* MainController.swift */ = {isa = PBXFileReference; fileEncoding = 4; lastKnownFileType = sourcecode.swift; path = MainController.swift; sourceTree = "<group>"; };
		6D1A50791E6C406C00AA55FB /* Vocabulary.swift */ = {isa = PBXFileReference; fileEncoding = 4; lastKnownFileType = sourcecode.swift; path = Vocabulary.swift; sourceTree = "<group>"; };
		6D1A507B1E6C426600AA55FB /* SpeechService.swift */ = {isa = PBXFileReference; fileEncoding = 4; lastKnownFileType = sourcecode.swift; path = SpeechService.swift; sourceTree = "<group>"; };
		6D1A50801E6C43E500AA55FB /* ProcessingEngineUTest.swift */ = {isa = PBXFileReference; fileEncoding = 4; lastKnownFileType = sourcecode.swift; path = ProcessingEngineUTest.swift; sourceTree = "<group>"; };
		6D1A50901E6C490600AA55FB /* SpeechSynthesizer.swift */ = {isa = PBXFileReference; fileEncoding = 4; lastKnownFileType = sourcecode.swift; path = SpeechSynthesizer.swift; sourceTree = "<group>"; };
		6D1A50931E6C842000AA55FB /* AVFoundation.framework */ = {isa = PBXFileReference; lastKnownFileType = wrapper.framework; name = AVFoundation.framework; path = System/Library/Frameworks/AVFoundation.framework; sourceTree = SDKROOT; };
		6D7AA0861E47649E0050F200 /* elokat.app */ = {isa = PBXFileReference; explicitFileType = wrapper.application; includeInIndex = 0; path = elokat.app; sourceTree = BUILT_PRODUCTS_DIR; };
		6D7AA0891E47649E0050F200 /* AppDelegate.swift */ = {isa = PBXFileReference; lastKnownFileType = sourcecode.swift; path = AppDelegate.swift; sourceTree = "<group>"; };
		6D7AA08B1E47649E0050F200 /* MainView.swift */ = {isa = PBXFileReference; lastKnownFileType = sourcecode.swift; path = MainView.swift; sourceTree = "<group>"; };
		6D7AA08E1E47649E0050F200 /* Base */ = {isa = PBXFileReference; lastKnownFileType = file.storyboard; name = Base; path = Base.lproj/Main.storyboard; sourceTree = "<group>"; };
		6D7AA0901E47649E0050F200 /* Assets.xcassets */ = {isa = PBXFileReference; lastKnownFileType = folder.assetcatalog; path = Assets.xcassets; sourceTree = "<group>"; };
		6D7AA0931E47649E0050F200 /* Base */ = {isa = PBXFileReference; lastKnownFileType = file.storyboard; name = Base; path = Base.lproj/LaunchScreen.storyboard; sourceTree = "<group>"; };
		6D7AA0951E47649E0050F200 /* Info.plist */ = {isa = PBXFileReference; lastKnownFileType = text.plist.xml; path = Info.plist; sourceTree = "<group>"; };
		6D7AA09A1E47649E0050F200 /* elokatTests.xctest */ = {isa = PBXFileReference; explicitFileType = wrapper.cfbundle; includeInIndex = 0; path = elokatTests.xctest; sourceTree = BUILT_PRODUCTS_DIR; };
		6D7AA0A01E47649E0050F200 /* Info.plist */ = {isa = PBXFileReference; lastKnownFileType = text.plist.xml; path = Info.plist; sourceTree = "<group>"; };
		6DF970311E7591F10050F0B9 /* NLEngine.swift */ = {isa = PBXFileReference; fileEncoding = 4; lastKnownFileType = sourcecode.swift; path = NLEngine.swift; sourceTree = "<group>"; };
		6DF970331E75954E0050F0B9 /* Context.swift */ = {isa = PBXFileReference; fileEncoding = 4; lastKnownFileType = sourcecode.swift; path = Context.swift; sourceTree = "<group>"; };
		6DF970351E759A1A0050F0B9 /* Emotion.swift */ = {isa = PBXFileReference; fileEncoding = 4; lastKnownFileType = sourcecode.swift; path = Emotion.swift; sourceTree = "<group>"; };
/* End PBXFileReference section */

/* Begin PBXFrameworksBuildPhase section */
		6D7AA0831E47649E0050F200 /* Frameworks */ = {
			isa = PBXFrameworksBuildPhase;
			buildActionMask = 2147483647;
			files = (
				6D1A50941E6C842000AA55FB /* AVFoundation.framework in Frameworks */,
			);
			runOnlyForDeploymentPostprocessing = 0;
		};
		6D7AA0971E47649E0050F200 /* Frameworks */ = {
			isa = PBXFrameworksBuildPhase;
			buildActionMask = 2147483647;
			files = (
			);
			runOnlyForDeploymentPostprocessing = 0;
		};
/* End PBXFrameworksBuildPhase section */

/* Begin PBXGroup section */
		6D1A50761E6C3A4A00AA55FB /* view */ = {
			isa = PBXGroup;
			children = (
				6D7AA08B1E47649E0050F200 /* MainView.swift */,
			);
			name = view;
			sourceTree = "<group>";
		};
		6D1A507D1E6C426D00AA55FB /* model */ = {
			isa = PBXGroup;
			children = (
				6D1A50791E6C406C00AA55FB /* Vocabulary.swift */,
				6D1A507B1E6C426600AA55FB /* SpeechService.swift */,
				6D1A50901E6C490600AA55FB /* SpeechSynthesizer.swift */,
				6DF970311E7591F10050F0B9 /* NLEngine.swift */,
				6DF970331E75954E0050F0B9 /* Context.swift */,
				6DF970351E759A1A0050F0B9 /* Emotion.swift */,
			);
			name = model;
			sourceTree = "<group>";
		};
		6D1A507E1E6C429600AA55FB /* controller */ = {
			isa = PBXGroup;
			children = (
				6D1A50771E6C3A6F00AA55FB /* MainController.swift */,
			);
			name = controller;
			sourceTree = "<group>";
		};
		6D1A50921E6C842000AA55FB /* Frameworks */ = {
			isa = PBXGroup;
			children = (
				6D1A50931E6C842000AA55FB /* AVFoundation.framework */,
			);
			name = Frameworks;
			sourceTree = "<group>";
		};
		6D7AA07D1E47649E0050F200 = {
			isa = PBXGroup;
			children = (
				6D7AA0881E47649E0050F200 /* elokat */,
				6D7AA09D1E47649E0050F200 /* elokatTests */,
				6D7AA0871E47649E0050F200 /* Products */,
				6D1A50921E6C842000AA55FB /* Frameworks */,
			);
			sourceTree = "<group>";
		};
		6D7AA0871E47649E0050F200 /* Products */ = {
			isa = PBXGroup;
			children = (
				6D7AA0861E47649E0050F200 /* elokat.app */,
				6D7AA09A1E47649E0050F200 /* elokatTests.xctest */,
			);
			name = Products;
			sourceTree = "<group>";
		};
		6D7AA0881E47649E0050F200 /* elokat */ = {
			isa = PBXGroup;
			children = (
				6D1A507E1E6C429600AA55FB /* controller */,
				6D1A507D1E6C426D00AA55FB /* model */,
				6D1A50761E6C3A4A00AA55FB /* view */,
				6D7AA0891E47649E0050F200 /* AppDelegate.swift */,
				6D7AA08D1E47649E0050F200 /* Main.storyboard */,
				6D7AA0901E47649E0050F200 /* Assets.xcassets */,
				6D7AA0921E47649E0050F200 /* LaunchScreen.storyboard */,
				6D7AA0951E47649E0050F200 /* Info.plist */,
			);
			path = elokat;
			sourceTree = "<group>";
		};
		6D7AA09D1E47649E0050F200 /* elokatTests */ = {
			isa = PBXGroup;
			children = (
				6D1A50801E6C43E500AA55FB /* ProcessingEngineUTest.swift */,
				6D7AA0A01E47649E0050F200 /* Info.plist */,
			);
			path = elokatTests;
			sourceTree = "<group>";
		};
/* End PBXGroup section */

/* Begin PBXNativeTarget section */
		6D7AA0851E47649E0050F200 /* elokat */ = {
			isa = PBXNativeTarget;
			buildConfigurationList = 6D7AA0A31E47649E0050F200 /* Build configuration list for PBXNativeTarget "elokat" */;
			buildPhases = (
				6D7AA0821E47649E0050F200 /* Sources */,
				6D7AA0831E47649E0050F200 /* Frameworks */,
				6D7AA0841E47649E0050F200 /* Resources */,
			);
			buildRules = (
			);
			dependencies = (
			);
			name = elokat;
			productName = elokat;
			productReference = 6D7AA0861E47649E0050F200 /* elokat.app */;
			productType = "com.apple.product-type.application";
		};
		6D7AA0991E47649E0050F200 /* elokatTests */ = {
			isa = PBXNativeTarget;
			buildConfigurationList = 6D7AA0A61E47649E0050F200 /* Build configuration list for PBXNativeTarget "elokatTests" */;
			buildPhases = (
				6D7AA0961E47649E0050F200 /* Sources */,
				6D7AA0971E47649E0050F200 /* Frameworks */,
				6D7AA0981E47649E0050F200 /* Resources */,
			);
			buildRules = (
			);
			dependencies = (
				6D7AA09C1E47649E0050F200 /* PBXTargetDependency */,
			);
			name = elokatTests;
			productName = elokatTests;
			productReference = 6D7AA09A1E47649E0050F200 /* elokatTests.xctest */;
			productType = "com.apple.product-type.bundle.unit-test";
		};
/* End PBXNativeTarget section */

/* Begin PBXProject section */
		6D7AA07E1E47649E0050F200 /* Project object */ = {
			isa = PBXProject;
			attributes = {
				LastSwiftUpdateCheck = 0820;
				LastUpgradeCheck = 0820;
				ORGANIZATIONNAME = elokat;
				TargetAttributes = {
					6D7AA0851E47649E0050F200 = {
						CreatedOnToolsVersion = 8.1;
						DevelopmentTeam = 5TSEUCR9ZQ;
						ProvisioningStyle = Manual;
					};
					6D7AA0991E47649E0050F200 = {
						CreatedOnToolsVersion = 8.1;
						ProvisioningStyle = Automatic;
						TestTargetID = 6D7AA0851E47649E0050F200;
					};
				};
			};
			buildConfigurationList = 6D7AA0811E47649E0050F200 /* Build configuration list for PBXProject "elokat" */;
			compatibilityVersion = "Xcode 3.2";
			developmentRegion = English;
			hasScannedForEncodings = 0;
			knownRegions = (
				en,
				Base,
			);
			mainGroup = 6D7AA07D1E47649E0050F200;
			productRefGroup = 6D7AA0871E47649E0050F200 /* Products */;
			projectDirPath = "";
			projectRoot = "";
			targets = (
				6D7AA0851E47649E0050F200 /* elokat */,
				6D7AA0991E47649E0050F200 /* elokatTests */,
			);
		};
/* End PBXProject section */

/* Begin PBXResourcesBuildPhase section */
		6D7AA0841E47649E0050F200 /* Resources */ = {
			isa = PBXResourcesBuildPhase;
			buildActionMask = 2147483647;
			files = (
				6D7AA0941E47649E0050F200 /* LaunchScreen.storyboard in Resources */,
				6D7AA0911E47649E0050F200 /* Assets.xcassets in Resources */,
				6D7AA08F1E47649E0050F200 /* Main.storyboard in Resources */,
			);
			runOnlyForDeploymentPostprocessing = 0;
		};
		6D7AA0981E47649E0050F200 /* Resources */ = {
			isa = PBXResourcesBuildPhase;
			buildActionMask = 2147483647;
			files = (
			);
			runOnlyForDeploymentPostprocessing = 0;
		};
/* End PBXResourcesBuildPhase section */

/* Begin PBXSourcesBuildPhase section */
		6D7AA0821E47649E0050F200 /* Sources */ = {
			isa = PBXSourcesBuildPhase;
			buildActionMask = 2147483647;
			files = (
				6D1A507C1E6C426600AA55FB /* SpeechService.swift in Sources */,
				6D7AA08C1E47649E0050F200 /* MainView.swift in Sources */,
				6D1A507A1E6C406C00AA55FB /* Vocabulary.swift in Sources */,
				6D1A50781E6C3A6F00AA55FB /* MainController.swift in Sources */,
				6D7AA08A1E47649E0050F200 /* AppDelegate.swift in Sources */,
				6DF970361E759A1A0050F0B9 /* Emotion.swift in Sources */,
				6DF970341E75954E0050F0B9 /* Context.swift in Sources */,
				6D1A50911E6C490600AA55FB /* SpeechSynthesizer.swift in Sources */,
				6DF970321E7591F10050F0B9 /* NLEngine.swift in Sources */,
			);
			runOnlyForDeploymentPostprocessing = 0;
		};
		6D7AA0961E47649E0050F200 /* Sources */ = {
			isa = PBXSourcesBuildPhase;
			buildActionMask = 2147483647;
			files = (
				6D1A50811E6C43E500AA55FB /* ProcessingEngineUTest.swift in Sources */,
			);
			runOnlyForDeploymentPostprocessing = 0;
		};
/* End PBXSourcesBuildPhase section */

/* Begin PBXTargetDependency section */
		6D7AA09C1E47649E0050F200 /* PBXTargetDependency */ = {
			isa = PBXTargetDependency;
			target = 6D7AA0851E47649E0050F200 /* elokat */;
			targetProxy = 6D7AA09B1E47649E0050F200 /* PBXContainerItemProxy */;
		};
/* End PBXTargetDependency section */

/* Begin PBXVariantGroup section */
		6D7AA08D1E47649E0050F200 /* Main.storyboard */ = {
			isa = PBXVariantGroup;
			children = (
				6D7AA08E1E47649E0050F200 /* Base */,
			);
			name = Main.storyboard;
			sourceTree = "<group>";
		};
		6D7AA0921E47649E0050F200 /* LaunchScreen.storyboard */ = {
			isa = PBXVariantGroup;
			children = (
				6D7AA0931E47649E0050F200 /* Base */,
			);
			name = LaunchScreen.storyboard;
			sourceTree = "<group>";
		};
/* End PBXVariantGroup section */

/* Begin XCBuildConfiguration section */
		6D7AA0A11E47649E0050F200 /* Debug */ = {
			isa = XCBuildConfiguration;
			buildSettings = {
				ALWAYS_SEARCH_USER_PATHS = NO;
				CLANG_ANALYZER_NONNULL = YES;
				CLANG_CXX_LANGUAGE_STANDARD = "gnu++0x";
				CLANG_CXX_LIBRARY = "libc++";
				CLANG_ENABLE_MODULES = YES;
				CLANG_ENABLE_OBJC_ARC = YES;
				CLANG_WARN_BOOL_CONVERSION = YES;
				CLANG_WARN_CONSTANT_CONVERSION = YES;
				CLANG_WARN_DIRECT_OBJC_ISA_USAGE = YES_ERROR;
				CLANG_WARN_DOCUMENTATION_COMMENTS = YES;
				CLANG_WARN_EMPTY_BODY = YES;
				CLANG_WARN_ENUM_CONVERSION = YES;
				CLANG_WARN_INFINITE_RECURSION = YES;
				CLANG_WARN_INT_CONVERSION = YES;
				CLANG_WARN_OBJC_ROOT_CLASS = YES_ERROR;
				CLANG_WARN_SUSPICIOUS_MOVE = YES;
				CLANG_WARN_SUSPICIOUS_MOVES = YES;
				CLANG_WARN_UNREACHABLE_CODE = YES;
				CLANG_WARN__DUPLICATE_METHOD_MATCH = YES;
				"CODE_SIGN_IDENTITY[sdk=iphoneos*]" = "iPhone Developer";
				COPY_PHASE_STRIP = NO;
				DEBUG_INFORMATION_FORMAT = dwarf;
				ENABLE_STRICT_OBJC_MSGSEND = YES;
				ENABLE_TESTABILITY = YES;
				GCC_C_LANGUAGE_STANDARD = gnu99;
				GCC_DYNAMIC_NO_PIC = NO;
				GCC_NO_COMMON_BLOCKS = YES;
				GCC_OPTIMIZATION_LEVEL = 0;
				GCC_PREPROCESSOR_DEFINITIONS = (
					"DEBUG=1",
					"$(inherited)",
				);
				GCC_WARN_64_TO_32_BIT_CONVERSION = YES;
				GCC_WARN_ABOUT_RETURN_TYPE = YES_ERROR;
				GCC_WARN_UNDECLARED_SELECTOR = YES;
				GCC_WARN_UNINITIALIZED_AUTOS = YES_AGGRESSIVE;
				GCC_WARN_UNUSED_FUNCTION = YES;
				GCC_WARN_UNUSED_VARIABLE = YES;
				IPHONEOS_DEPLOYMENT_TARGET = 10.2;
				MTL_ENABLE_DEBUG_INFO = YES;
				ONLY_ACTIVE_ARCH = YES;
				SDKROOT = iphoneos;
				SWIFT_ACTIVE_COMPILATION_CONDITIONS = DEBUG;
				SWIFT_OPTIMIZATION_LEVEL = "-Onone";
				TARGETED_DEVICE_FAMILY = "1,2";
			};
			name = Debug;
		};
		6D7AA0A21E47649E0050F200 /* Release */ = {
			isa = XCBuildConfiguration;
			buildSettings = {
				ALWAYS_SEARCH_USER_PATHS = NO;
				CLANG_ANALYZER_NONNULL = YES;
				CLANG_CXX_LANGUAGE_STANDARD = "gnu++0x";
				CLANG_CXX_LIBRARY = "libc++";
				CLANG_ENABLE_MODULES = YES;
				CLANG_ENABLE_OBJC_ARC = YES;
				CLANG_WARN_BOOL_CONVERSION = YES;
				CLANG_WARN_CONSTANT_CONVERSION = YES;
				CLANG_WARN_DIRECT_OBJC_ISA_USAGE = YES_ERROR;
				CLANG_WARN_DOCUMENTATION_COMMENTS = YES;
				CLANG_WARN_EMPTY_BODY = YES;
				CLANG_WARN_ENUM_CONVERSION = YES;
				CLANG_WARN_INFINITE_RECURSION = YES;
				CLANG_WARN_INT_CONVERSION = YES;
				CLANG_WARN_OBJC_ROOT_CLASS = YES_ERROR;
				CLANG_WARN_SUSPICIOUS_MOVE = YES;
				CLANG_WARN_SUSPICIOUS_MOVES = YES;
				CLANG_WARN_UNREACHABLE_CODE = YES;
				CLANG_WARN__DUPLICATE_METHOD_MATCH = YES;
				"CODE_SIGN_IDENTITY[sdk=iphoneos*]" = "iPhone Developer";
				COPY_PHASE_STRIP = NO;
				DEBUG_INFORMATION_FORMAT = "dwarf-with-dsym";
				ENABLE_NS_ASSERTIONS = NO;
				ENABLE_STRICT_OBJC_MSGSEND = YES;
				GCC_C_LANGUAGE_STANDARD = gnu99;
				GCC_NO_COMMON_BLOCKS = YES;
				GCC_WARN_64_TO_32_BIT_CONVERSION = YES;
				GCC_WARN_ABOUT_RETURN_TYPE = YES_ERROR;
				GCC_WARN_UNDECLARED_SELECTOR = YES;
				GCC_WARN_UNINITIALIZED_AUTOS = YES_AGGRESSIVE;
				GCC_WARN_UNUSED_FUNCTION = YES;
				GCC_WARN_UNUSED_VARIABLE = YES;
				IPHONEOS_DEPLOYMENT_TARGET = 10.2;
				MTL_ENABLE_DEBUG_INFO = NO;
				SDKROOT = iphoneos;
				SWIFT_OPTIMIZATION_LEVEL = "-Owholemodule";
				TARGETED_DEVICE_FAMILY = "1,2";
				VALIDATE_PRODUCT = YES;
			};
			name = Release;
		};
		6D7AA0A41E47649E0050F200 /* Debug */ = {
			isa = XCBuildConfiguration;
			buildSettings = {
				ASSETCATALOG_COMPILER_APPICON_NAME = AppIcon;
				"CODE_SIGN_IDENTITY[sdk=iphoneos*]" = "iPhone Developer";
				DEVELOPMENT_TEAM = 5TSEUCR9ZQ;
				INFOPLIST_FILE = elokat/Info.plist;
				LD_RUNPATH_SEARCH_PATHS = "$(inherited) @executable_path/Frameworks";
				PRODUCT_BUNDLE_IDENTIFIER = com.elokat;
				PRODUCT_NAME = "$(TARGET_NAME)";
				PROVISIONING_PROFILE = "6da3315a-b659-469f-bb60-fdd00dfd673b";
				PROVISIONING_PROFILE_SPECIFIER = "com.elokat Development";
				SWIFT_VERSION = 3.0;
			};
			name = Debug;
		};
		6D7AA0A51E47649E0050F200 /* Release */ = {
			isa = XCBuildConfiguration;
			buildSettings = {
				ASSETCATALOG_COMPILER_APPICON_NAME = AppIcon;
				"CODE_SIGN_IDENTITY[sdk=iphoneos*]" = "iPhone Distribution";
				DEVELOPMENT_TEAM = 5TSEUCR9ZQ;
				INFOPLIST_FILE = elokat/Info.plist;
				LD_RUNPATH_SEARCH_PATHS = "$(inherited) @executable_path/Frameworks";
				PRODUCT_BUNDLE_IDENTIFIER = com.elokat;
				PRODUCT_NAME = "$(TARGET_NAME)";
				PROVISIONING_PROFILE = "307996b1-81d4-4c3d-ab7b-ba71b9c9552a";
				PROVISIONING_PROFILE_SPECIFIER = "com.elokat AppStore";
				SWIFT_VERSION = 3.0;
			};
			name = Release;
		};
		6D7AA0A71E47649E0050F200 /* Debug */ = {
			isa = XCBuildConfiguration;
			buildSettings = {
				ALWAYS_EMBED_SWIFT_STANDARD_LIBRARIES = YES;
				BUNDLE_LOADER = "$(TEST_HOST)";
				INFOPLIST_FILE = elokatTests/Info.plist;
				LD_RUNPATH_SEARCH_PATHS = "$(inherited) @executable_path/Frameworks @loader_path/Frameworks";
				PRODUCT_BUNDLE_IDENTIFIER = com.elokatTests;
				PRODUCT_NAME = "$(TARGET_NAME)";
				SWIFT_VERSION = 3.0;
				TEST_HOST = "$(BUILT_PRODUCTS_DIR)/elokat.app/elokat";
			};
			name = Debug;
		};
		6D7AA0A81E47649E0050F200 /* Release */ = {
			isa = XCBuildConfiguration;
			buildSettings = {
				ALWAYS_EMBED_SWIFT_STANDARD_LIBRARIES = YES;
				BUNDLE_LOADER = "$(TEST_HOST)";
				INFOPLIST_FILE = elokatTests/Info.plist;
				LD_RUNPATH_SEARCH_PATHS = "$(inherited) @executable_path/Frameworks @loader_path/Frameworks";
				PRODUCT_BUNDLE_IDENTIFIER = com.elokatTests;
				PRODUCT_NAME = "$(TARGET_NAME)";
				SWIFT_VERSION = 3.0;
				TEST_HOST = "$(BUILT_PRODUCTS_DIR)/elokat.app/elokat";
			};
			name = Release;
		};
/* End XCBuildConfiguration section */

/* Begin XCConfigurationList section */
		6D7AA0811E47649E0050F200 /* Build configuration list for PBXProject "elokat" */ = {
			isa = XCConfigurationList;
			buildConfigurations = (
				6D7AA0A11E47649E0050F200 /* Debug */,
				6D7AA0A21E47649E0050F200 /* Release */,
			);
			defaultConfigurationIsVisible = 0;
			defaultConfigurationName = Release;
		};
		6D7AA0A31E47649E0050F200 /* Build configuration list for PBXNativeTarget "elokat" */ = {
			isa = XCConfigurationList;
			buildConfigurations = (
				6D7AA0A41E47649E0050F200 /* Debug */,
				6D7AA0A51E47649E0050F200 /* Release */,
			);
			defaultConfigurationIsVisible = 0;
			defaultConfigurationName = Release;
		};
		6D7AA0A61E47649E0050F200 /* Build configuration list for PBXNativeTarget "elokatTests" */ = {
			isa = XCConfigurationList;
			buildConfigurations = (
				6D7AA0A71E47649E0050F200 /* Debug */,
				6D7AA0A81E47649E0050F200 /* Release */,
			);
			defaultConfigurationIsVisible = 0;
			defaultConfigurationName = Release;
		};
/* End XCConfigurationList section */
	};
	rootObject = 6D7AA07E1E47649E0050F200 /* Project object */;
}
